{
  "name": "KV6002EsportsSociety",
  "lockfileVersion": 2,
  "requires": true,
  "packages": {
    "": {
      "dependencies": {
        "react-facebook": "^8.1.4",
        "react-ig-feed": "^1.0.4"
      }
    },
    "node_modules/@babel/runtime": {
      "version": "7.17.9",
      "resolved": "https://registry.npmjs.org/@babel/runtime/-/runtime-7.17.9.tgz",
      "integrity": "sha512-lSiBBvodq29uShpWGNbgFdKYNiFDo5/HIYsaCEY9ff4sb10x9jizo2+pRrSyF4jKZCXqgzuqBOQKbUm90gQwJg==",
      "dependencies": {
        "regenerator-runtime": "^0.13.4"
      },
      "engines": {
        "node": ">=6.9.0"
      }
    },
    "node_modules/can-use-dom": {
      "version": "0.1.0",
      "resolved": "https://registry.npmjs.org/can-use-dom/-/can-use-dom-0.1.0.tgz",
      "integrity": "sha1-IsxKNKCrxDlQ9CxkEQJKP2NmtFo="
    },
    "node_modules/js-tokens": {
      "version": "4.0.0",
      "resolved": "https://registry.npmjs.org/js-tokens/-/js-tokens-4.0.0.tgz",
      "integrity": "sha512-RdJUflcE3cUzKiMqQgsCu06FPu9UdIJO0beYbPhHN4k6apgJtifcoCtT9bcxOpYBtpD2kCM6Sbzg4CausW/PKQ=="
    },
    "node_modules/loose-envify": {
      "version": "1.4.0",
      "resolved": "https://registry.npmjs.org/loose-envify/-/loose-envify-1.4.0.tgz",
      "integrity": "sha512-lyuxPGr/Wfhrlem2CL/UcnUc1zcqKAImBDzukY7Y5F/yQiNdko6+fRLevlw1HgMySw7f611UIY408EtxRSoK3Q==",
      "dependencies": {
        "js-tokens": "^3.0.0 || ^4.0.0"
      },
      "bin": {
        "loose-envify": "cli.js"
      }
    },
    "node_modules/object-assign": {
      "version": "4.1.1",
      "resolved": "https://registry.npmjs.org/object-assign/-/object-assign-4.1.1.tgz",
      "integrity": "sha1-IQmtx5ZYh8/AXLvUQsrIv7s2CGM=",
      "engines": {
        "node": ">=0.10.0"
      }
    },
    "node_modules/prop-types": {
      "version": "15.8.1",
      "resolved": "https://registry.npmjs.org/prop-types/-/prop-types-15.8.1.tgz",
      "integrity": "sha512-oj87CgZICdulUohogVAR7AjlC0327U4el4L6eAvOqCeudMDVU0NThNaV+b9Df4dXgSP1gXMTnPdhfe/2qDH5cg==",
      "dependencies": {
        "loose-envify": "^1.4.0",
        "object-assign": "^4.1.1",
        "react-is": "^16.13.1"
      }
    },
    "node_modules/react": {
      "version": "16.14.0",
      "resolved": "https://registry.npmjs.org/react/-/react-16.14.0.tgz",
      "integrity": "sha512-0X2CImDkJGApiAlcf0ODKIneSwBPhqJawOa5wCtKbu7ZECrmS26NvtSILynQ66cgkT/RJ4LidJOc3bUESwmU8g==",
      "peer": true,
      "dependencies": {
        "loose-envify": "^1.1.0",
        "object-assign": "^4.1.1",
        "prop-types": "^15.6.2"
      },
      "engines": {
        "node": ">=0.10.0"
      }
    },
    "node_modules/react-facebook": {
      "version": "8.1.4",
      "resolved": "https://registry.npmjs.org/react-facebook/-/react-facebook-8.1.4.tgz",
      "integrity": "sha512-OVV9+h8jR4Us94ymHyrKpf33WqPX4+3vJvCFEV6ynaW80TC6rucYouQtRSv7G3oW+Tb+qAx8z8DZPYJfIVRW+A==",
      "dependencies": {
        "@babel/runtime": "^7.7.2",
        "can-use-dom": "^0.1.0",
        "react-spinner-children": "^1.0.8"
      },
      "engines": {
        "node": ">= 6.0.0"
      },
      "peerDependencies": {
        "react": ">= 16.8.0"
      }
    },
    "node_modules/react-ig-feed": {
      "version": "1.0.4",
      "resolved": "https://registry.npmjs.org/react-ig-feed/-/react-ig-feed-1.0.4.tgz",
      "integrity": "sha512-XgPV3AAcZp9aZAr5w+EjWLsMdtrVHxyB0A7DPm5NeCkm5JocLvHQ0wKlafS6eg1mfo+2S6Dxj6YbwSgikpsrbw==",
      "engines": {
        "node": ">=10"
      },
      "peerDependencies": {
        "react": "^16.0.0"
      }
    },
    "node_modules/react-is": {
      "version": "16.13.1",
      "resolved": "https://registry.npmjs.org/react-is/-/react-is-16.13.1.tgz",
      "integrity": "sha512-24e6ynE2H+OKt4kqsOvNd8kBpV65zoxbA4BVsEOB3ARVWQki/DHzaUoC5KuON/BiccDaCCTZBuOcfZs70kR8bQ=="
    },
    "node_modules/react-spinner-children": {
      "version": "1.0.8",
      "resolved": "https://registry.npmjs.org/react-spinner-children/-/react-spinner-children-1.0.8.tgz",
      "integrity": "sha1-b91qiVk8XyM7tW9N7MuBI4LmynQ=",
      "dependencies": {
        "prop-types": "^15.6.0",
        "spin.js": "^2.3.2"
      },
      "engines": {
        "node": ">= 0.12.0"
      },
      "peerDependencies": {
        "react": "15.x || 16.x"
      }
    },
    "node_modules/regenerator-runtime": {
      "version": "0.13.9",
      "resolved": "https://registry.npmjs.org/regenerator-runtime/-/regenerator-runtime-0.13.9.tgz",
      "integrity": "sha512-p3VT+cOEgxFsRRA9X4lkI1E+k2/CtnKtU4gcxyaCUreilL/vqI6CdZ3wxVUx3UOUg+gnUOQQcRI7BmSI656MYA=="
    },
    "node_modules/spin.js": {
      "version": "2.3.2",
      "resolved": "https://registry.npmjs.org/spin.js/-/spin.js-2.3.2.tgz",
      "integrity": "sha1-bKpW1SBnNFD9XPvGlx5tB3LDeho="
    }
  },
  "dependencies": {
    "@babel/runtime": {
      "version": "7.17.9",
      "resolved": "https://registry.npmjs.org/@babel/runtime/-/runtime-7.17.9.tgz",
      "integrity": "sha512-lSiBBvodq29uShpWGNbgFdKYNiFDo5/HIYsaCEY9ff4sb10x9jizo2+pRrSyF4jKZCXqgzuqBOQKbUm90gQwJg==",
      "requires": {
        "regenerator-runtime": "^0.13.4"
      }
    },
    "can-use-dom": {
      "version": "0.1.0",
      "resolved": "https://registry.npmjs.org/can-use-dom/-/can-use-dom-0.1.0.tgz",
      "integrity": "sha1-IsxKNKCrxDlQ9CxkEQJKP2NmtFo="
    },
    "js-tokens": {
      "version": "4.0.0",
      "resolved": "https://registry.npmjs.org/js-tokens/-/js-tokens-4.0.0.tgz",
      "integrity": "sha512-RdJUflcE3cUzKiMqQgsCu06FPu9UdIJO0beYbPhHN4k6apgJtifcoCtT9bcxOpYBtpD2kCM6Sbzg4CausW/PKQ=="
    },
    "loose-envify": {
      "version": "1.4.0",
      "resolved": "https://registry.npmjs.org/loose-envify/-/loose-envify-1.4.0.tgz",
      "integrity": "sha512-lyuxPGr/Wfhrlem2CL/UcnUc1zcqKAImBDzukY7Y5F/yQiNdko6+fRLevlw1HgMySw7f611UIY408EtxRSoK3Q==",
      "requires": {
        "js-tokens": "^3.0.0 || ^4.0.0"
      }
    },
    "object-assign": {
      "version": "4.1.1",
      "resolved": "https://registry.npmjs.org/object-assign/-/object-assign-4.1.1.tgz",
      "integrity": "sha1-IQmtx5ZYh8/AXLvUQsrIv7s2CGM="
    },
    "prop-types": {
      "version": "15.8.1",
      "resolved": "https://registry.npmjs.org/prop-types/-/prop-types-15.8.1.tgz",
      "integrity": "sha512-oj87CgZICdulUohogVAR7AjlC0327U4el4L6eAvOqCeudMDVU0NThNaV+b9Df4dXgSP1gXMTnPdhfe/2qDH5cg==",
      "requires": {
        "loose-envify": "^1.4.0",
        "object-assign": "^4.1.1",
        "react-is": "^16.13.1"
      }
    },
    "react": {
      "version": "16.14.0",
      "resolved": "https://registry.npmjs.org/react/-/react-16.14.0.tgz",
      "integrity": "sha512-0X2CImDkJGApiAlcf0ODKIneSwBPhqJawOa5wCtKbu7ZECrmS26NvtSILynQ66cgkT/RJ4LidJOc3bUESwmU8g==",
      "peer": true,
      "requires": {
        "loose-envify": "^1.1.0",
        "object-assign": "^4.1.1",
        "prop-types": "^15.6.2"
      }
    },
    "react-facebook": {
      "version": "8.1.4",
      "resolved": "https://registry.npmjs.org/react-facebook/-/react-facebook-8.1.4.tgz",
      "integrity": "sha512-OVV9+h8jR4Us94ymHyrKpf33WqPX4+3vJvCFEV6ynaW80TC6rucYouQtRSv7G3oW+Tb+qAx8z8DZPYJfIVRW+A==",
      "requires": {
        "@babel/runtime": "^7.7.2",
        "can-use-dom": "^0.1.0",
        "react-spinner-children": "^1.0.8"
      }
    },
    "react-ig-feed": {
      "version": "1.0.4",
      "resolved": "https://registry.npmjs.org/react-ig-feed/-/react-ig-feed-1.0.4.tgz",
      "integrity": "sha512-XgPV3AAcZp9aZAr5w+EjWLsMdtrVHxyB0A7DPm5NeCkm5JocLvHQ0wKlafS6eg1mfo+2S6Dxj6YbwSgikpsrbw==",
      "requires": {}
    },
    "react-is": {
      "version": "16.13.1",
      "resolved": "https://registry.npmjs.org/react-is/-/react-is-16.13.1.tgz",
      "integrity": "sha512-24e6ynE2H+OKt4kqsOvNd8kBpV65zoxbA4BVsEOB3ARVWQki/DHzaUoC5KuON/BiccDaCCTZBuOcfZs70kR8bQ=="
    },
    "react-spinner-children": {
      "version": "1.0.8",
      "resolved": "https://registry.npmjs.org/react-spinner-children/-/react-spinner-children-1.0.8.tgz",
      "integrity": "sha1-b91qiVk8XyM7tW9N7MuBI4LmynQ=",
      "requires": {
        "prop-types": "^15.6.0",
        "spin.js": "^2.3.2"
      }
    },
    "regenerator-runtime": {
      "version": "0.13.9",
      "resolved": "https://registry.npmjs.org/regenerator-runtime/-/regenerator-runtime-0.13.9.tgz",
      "integrity": "sha512-p3VT+cOEgxFsRRA9X4lkI1E+k2/CtnKtU4gcxyaCUreilL/vqI6CdZ3wxVUx3UOUg+gnUOQQcRI7BmSI656MYA=="
    },
    "spin.js": {
      "version": "2.3.2",
      "resolved": "https://registry.npmjs.org/spin.js/-/spin.js-2.3.2.tgz",
      "integrity": "sha1-bKpW1SBnNFD9XPvGlx5tB3LDeho="
    }
  }
}
